{
    "_meta": {
        "hash": {
            "sha256": "1ce6423b13b6e12ebd04047787d4c3403bd817c77c37f2da614dc904cc641db8"
        },
        "pipfile-spec": 6,
        "requires": {
            "python_version": "3.6"
        },
        "sources": [
            {
                "name": "pypi",
                "url": "https://pypi.org/simple",
                "verify_ssl": true
            }
        ]
    },
    "default": {
        "alembic": {
            "hashes": [
                "sha256:1cd32df9a3b8c1749082ef60ffbe05ff16617b6afadfdabc680dcb9344af33d7"
            ],
            "version": "==0.9.10"
        },
        "apache-airflow": {
            "hashes": [
                "sha256:73840fa3d2f3a523010ce685aa15714d01a4cf42bd6bd77716c4321f82bab140",
                "sha256:b90eeed0439c055d3d3eedfb20d1366aeffdb679f8df8685a625883d4bfe5d14"
            ],
            "version": "==1.10.3"
        },
        "babel": {
            "hashes": [
                "sha256:af92e6106cb7c55286b25b38ad7695f8b4efb36a90ba483d7f7a6628c46158ab",
                "sha256:e86135ae101e31e2c8ec20a4e0c5220f4eed12487d5cf3f78be7e98d3a57fc28"
            ],
            "version": "==2.7.0"
        },
        "certifi": {
            "hashes": [
                "sha256:59b7658e26ca9c7339e00f8f4636cdfe59d34fa37b9b04f6f9e9926b3cece1a5",
                "sha256:b26104d6835d1f5e49452a26eb2ff87fe7090b89dfcaee5ea2212697e1e1d7ae"
            ],
            "version": "==2019.3.9"
        },
        "chardet": {
            "hashes": [
                "sha256:84ab92ed1c4d4f16916e05906b6b75a6c0fb5db821cc65e70cbd64a3e2a5eaae",
                "sha256:fc323ffcaeaed0e0a02bf4d117757b98aed530d9ed4531e3e15460124c106691"
            ],
            "version": "==3.0.4"
        },
        "click": {
            "hashes": [
                "sha256:2335065e6395b9e67ca716de5f7526736bfa6ceead690adf616d925bdc622b13",
                "sha256:5b94b49521f6456670fdb30cd82a4eca9412788a93fa6dd6df72c94d5a8ff2d7"
            ],
            "version": "==7.0"
        },
        "colorama": {
            "hashes": [
                "sha256:05eed71e2e327246ad6b38c540c4a3117230b19679b875190486ddd2d721422d",
                "sha256:f8ac84de7840f5b9c4e3347b3c1eaa50f7e49c2b07596221daec5edaabbd7c48"
            ],
            "version": "==0.4.1"
        },
        "configparser": {
            "hashes": [
                "sha256:18873eb33d111429143eef0ad334f76abdf9736d5da1219de513d74b0a559674",
                "sha256:561d6a2303a3e9afaafbaa9f459b2a16e5d49f5390954cd4e6ce1a4bfbd8f726",
                "sha256:adaba55d292e94fac7a1080de30ea776139ea48b65db869659e87357f10c55d2"
            ],
            "version": "==3.5.3"
        },
        "croniter": {
            "hashes": [
                "sha256:0d905dbe6f131a910fd3dde792f0129788cd2cb3a8048c5f7aaa212670b0cef2",
                "sha256:538adeb3a7f7816c3cdec6db974c441620d764c25ff4ed0146ee7296b8a50590"
            ],
            "version": "==0.3.30"
        },
        "dag-factory": {
            "editable": true,
            "path": "."
        },
        "defusedxml": {
            "hashes": [
                "sha256:6687150770438374ab581bb7a1b327a847dd9c5749e396102de3fad4e8a3ef93",
                "sha256:f684034d135af4c6cbb949b8a4d2ed61634515257a67299e5f940fbaa34377f5"
            ],
            "version": "==0.6.0"
        },
        "dill": {
            "hashes": [
                "sha256:f6d6046f9f9195206063dd0415dff185ad593d6ee8b0e67f12597c0f4df4986f"
            ],
            "version": "==0.2.9"
        },
        "docutils": {
            "hashes": [
                "sha256:02aec4bd92ab067f6ff27a38a38a41173bf01bed8f89157768c1573f53e474a6",
                "sha256:51e64ef2ebfb29cae1faa133b3710143496eca21c530f3f71424d77687764274",
                "sha256:7a4bd47eaf6596e1295ecb11361139febe29b084a87bf005bf899f9a42edc3c6"
            ],
            "version": "==0.14"
        },
        "flask": {
            "hashes": [
                "sha256:ad7c6d841e64296b962296c2c2dabc6543752985727af86a975072dea984b6f3",
                "sha256:e7d32475d1de5facaa55e3958bc4ec66d3762076b074296aa50ef8fdc5b9df61"
            ],
            "version": "==1.0.3"
        },
        "flask-admin": {
            "hashes": [
                "sha256:ca0be6ec11a6913b73f656c65c444ae5be416c57c75638dd3199376ce6bc7422"
            ],
            "version": "==1.5.3"
        },
        "flask-appbuilder": {
            "hashes": [
                "sha256:bc4a0a7eef31817606bd3fc454057d84cebf4176bcec80d0467cbda5c740ffd5"
            ],
            "version": "==1.12.3"
        },
        "flask-babel": {
            "hashes": [
                "sha256:316ad183e42003f3922957fa643d0a1e8e34a0f0301a88c3a8f605bc37ba5c86"
            ],
            "version": "==0.12.2"
        },
        "flask-caching": {
            "hashes": [
                "sha256:21236d2b4567deb9fc95e474a604602097189e834629c24f4d62937abc963636",
                "sha256:5af1759e5ae3424abec918537f0201a1476ae9442452bcb5c8787468a9de0f5a"
            ],
            "version": "==1.3.3"
        },
        "flask-login": {
            "hashes": [
                "sha256:c815c1ac7b3e35e2081685e389a665f2c74d7e077cb93cecabaea352da4752ec"
            ],
            "version": "==0.4.1"
        },
        "flask-openid": {
            "hashes": [
                "sha256:5a8ffe1c8c0ad1cc1f5030e1223ea27f8861ee0215a2a58a528cc61379e5ccab"
            ],
            "version": "==1.2.5"
        },
        "flask-sqlalchemy": {
            "hashes": [
                "sha256:0c9609b0d72871c540a7945ea559c8fdf5455192d2db67219509aed680a3d45a",
                "sha256:8631bbea987bc3eb0f72b1f691d47bd37ceb795e73b59ab48586d76d75a7c605"
            ],
            "version": "==2.4.0"
        },
        "flask-swagger": {
            "hashes": [
                "sha256:42420efbed1aad86f7ca6bb869df550e09591e1d540ebd3040c197906c0f0be6"
            ],
            "version": "==0.2.13"
        },
        "flask-wtf": {
            "hashes": [
                "sha256:5d14d55cfd35f613d99ee7cba0fc3fbbe63ba02f544d349158c14ca15561cc36",
                "sha256:d9a9e366b32dcbb98ef17228e76be15702cd2600675668bca23f63a7947fd5ac"
            ],
            "version": "==0.14.2"
        },
        "funcsigs": {
            "hashes": [
                "sha256:1c916dfbb4aad250f2a40e937dcff206da165fa29fa909ee1ea02243f7386019",
                "sha256:2310f9d4a77c284e920ec572dc2525366a107b08d216ff8dbb891d95b6a77563"
            ],
            "version": "==1.0.0"
        },
        "future": {
            "hashes": [
                "sha256:e39ced1ab767b5936646cedba8bcce582398233d6a627067d4c6a454c90cfedb"
            ],
            "version": "==0.16.0"
        },
        "gitdb2": {
            "hashes": [
                "sha256:83361131a1836661a155172932a13c08bda2db3674e4caa32368aa6eb02f38c2",
                "sha256:e3a0141c5f2a3f635c7209d56c496ebe1ad35da82fe4d3ec4aaa36278d70648a"
            ],
            "version": "==2.0.5"
        },
        "gitpython": {
            "hashes": [
                "sha256:563221e5a44369c6b79172f455584c9ebbb122a13368cc82cb4b5addff788f82",
                "sha256:8237dc5bfd6f1366abeee5624111b9d6879393d84745a507de0fda86043b65a8"
            ],
            "version": "==2.1.11"
        },
        "gunicorn": {
            "hashes": [
                "sha256:aa8e0b40b4157b36a5df5e599f45c9c76d6af43845ba3b3b0efe2c70473c2471",
                "sha256:fa2662097c66f920f53f70621c6c58ca4a3c4d3434205e608e121b5b3b71f4f3"
            ],
            "version": "==19.9.0"
        },
        "idna": {
            "hashes": [
                "sha256:c357b3f628cf53ae2c4c05627ecc484553142ca23264e593d327bcde5e9c3407",
                "sha256:ea8b7f6188e6fa117537c3df7da9fc686d485087abf6ac197f9c46432f7e4a3c"
            ],
            "version": "==2.8"
        },
        "iso8601": {
            "hashes": [
                "sha256:210e0134677cc0d02f6028087fee1df1e1d76d372ee1db0bf30bf66c5c1c89a3",
                "sha256:49c4b20e1f38aa5cf109ddcd39647ac419f928512c869dc01d5c7098eddede82",
                "sha256:bbbae5fb4a7abfe71d4688fd64bff70b91bbd74ef6a99d964bab18f7fdf286dd"
            ],
            "version": "==0.1.12"
        },
        "itsdangerous": {
            "hashes": [
                "sha256:321b033d07f2a4136d3ec762eac9f16a10ccd60f53c0c91af90217ace7ba1f19",
                "sha256:b12271b2047cb23eeb98c8b5622e2e5c5e9abd9784a153e9d8ef9cb4dd09d749"
            ],
            "version": "==1.1.0"
        },
        "jinja2": {
            "hashes": [
                "sha256:74c935a1b8bb9a3947c50a54766a969d4846290e1e788ea44c1392163723c3bd",
                "sha256:f84be1bb0040caca4cea721fcbbbbd61f9be9464ca236387158b0feea01914a4"
            ],
            "version": "==2.10"
        },
        "json-merge-patch": {
            "hashes": [
                "sha256:09898b6d427c08754e2a97c709cf2dfd7e28bd10c5683a538914975eab778d39"
            ],
            "version": "==0.2"
        },
        "lockfile": {
            "hashes": [
                "sha256:6aed02de03cba24efabcd600b30540140634fc06cfa603822d508d5361e9f799",
                "sha256:6c3cb24f344923d30b2785d5ad75182c8ea7ac1b6171b08657258ec7429d50fa"
            ],
            "version": "==0.12.2"
        },
        "lxml": {
            "hashes": [
                "sha256:06c7616601430aa140a69f97e3116308fffe0848f543b639a5ec2e8920ae72fd",
                "sha256:177202792f9842374a8077735c69c41a4282183f7851443d2beb8ee310720819",
                "sha256:19317ad721ceb9e39847d11131903931e2794e447d4751ebb0d9236f1b349ff2",
                "sha256:36d206e62f3e5dbaafd4ec692b67157e271f5da7fd925fda8515da675eace50d",
                "sha256:387115b066c797c85f9861a9613abf50046a15aac16759bc92d04f94acfad082",
                "sha256:3ce1c49d4b4a7bc75fb12acb3a6247bb7a91fe420542e6d671ba9187d12a12c2",
                "sha256:4d2a5a7d6b0dbb8c37dab66a8ce09a8761409c044017721c21718659fa3365a1",
                "sha256:58d0a1b33364d1253a88d18df6c0b2676a1746d27c969dc9e32d143a3701dda5",
                "sha256:62a651c618b846b88fdcae0533ec23f185bb322d6c1845733f3123e8980c1d1b",
                "sha256:69ff21064e7debc9b1b1e2eee8c2d686d042d4257186d70b338206a80c5bc5ea",
                "sha256:7060453eba9ba59d821625c6af6a266bd68277dce6577f754d1eb9116c094266",
                "sha256:7d26b36a9c4bce53b9cfe42e67849ae3c5c23558bc08363e53ffd6d94f4ff4d2",
                "sha256:83b427ad2bfa0b9705e02a83d8d607d2c2f01889eb138168e462a3a052c42368",
                "sha256:923d03c84534078386cf50193057aae98fa94cace8ea7580b74754493fda73ad",
                "sha256:b773715609649a1a180025213f67ffdeb5a4878c784293ada300ee95a1f3257b",
                "sha256:baff149c174e9108d4a2fee192c496711be85534eab63adb122f93e70aa35431",
                "sha256:bca9d118b1014b4c2d19319b10a3ebed508ff649396ce1855e1c96528d9b2fa9",
                "sha256:ce580c28845581535dc6000fc7c35fdadf8bea7ccb57d6321b044508e9ba0685",
                "sha256:d34923a569e70224d88e6682490e24c842907ba2c948c5fd26185413cbe0cd96",
                "sha256:dd9f0e531a049d8b35ec5e6c68a37f1ba6ec3a591415e6804cbdf652793d15d7",
                "sha256:ecb805cbfe9102f3fd3d2ef16dfe5ae9e2d7a7dfbba92f4ff1e16ac9784dbfb0",
                "sha256:ede9aad2197a0202caff35d417b671f5f91a3631477441076082a17c94edd846",
                "sha256:ef2d1fc370400e0aa755aab0b20cf4f1d0e934e7fd5244f3dd4869078e4942b9",
                "sha256:f2fec194a49bfaef42a548ee657362af5c7a640da757f6f452a35da7dd9f923c"
            ],
            "version": "==4.3.4"
        },
        "mako": {
            "hashes": [
                "sha256:0cfa65de3a835e87eeca6ac856b3013aade55f49e32515f65d999f91a2324162"
            ],
            "version": "==1.0.12"
        },
        "markdown": {
            "hashes": [
                "sha256:9ba587db9daee7ec761cfc656272be6aabe2ed300fece21208e4aab2e457bc8f",
                "sha256:a856869c7ff079ad84a3e19cd87a64998350c2b94e9e08e44270faef33400f81"
            ],
            "version": "==2.6.11"
        },
        "markupsafe": {
            "hashes": [
                "sha256:00bc623926325b26bb9605ae9eae8a215691f33cae5df11ca5424f06f2d1f473",
                "sha256:09027a7803a62ca78792ad89403b1b7a73a01c8cb65909cd876f7fcebd79b161",
                "sha256:09c4b7f37d6c648cb13f9230d847adf22f8171b1ccc4d5682398e77f40309235",
                "sha256:1027c282dad077d0bae18be6794e6b6b8c91d58ed8a8d89a89d59693b9131db5",
                "sha256:24982cc2533820871eba85ba648cd53d8623687ff11cbb805be4ff7b4c971aff",
                "sha256:29872e92839765e546828bb7754a68c418d927cd064fd4708fab9fe9c8bb116b",
                "sha256:43a55c2930bbc139570ac2452adf3d70cdbb3cfe5912c71cdce1c2c6bbd9c5d1",
                "sha256:46c99d2de99945ec5cb54f23c8cd5689f6d7177305ebff350a58ce5f8de1669e",
                "sha256:500d4957e52ddc3351cabf489e79c91c17f6e0899158447047588650b5e69183",
                "sha256:535f6fc4d397c1563d08b88e485c3496cf5784e927af890fb3c3aac7f933ec66",
                "sha256:62fe6c95e3ec8a7fad637b7f3d372c15ec1caa01ab47926cfdf7a75b40e0eac1",
                "sha256:6dd73240d2af64df90aa7c4e7481e23825ea70af4b4922f8ede5b9e35f78a3b1",
                "sha256:717ba8fe3ae9cc0006d7c451f0bb265ee07739daf76355d06366154ee68d221e",
                "sha256:79855e1c5b8da654cf486b830bd42c06e8780cea587384cf6545b7d9ac013a0b",
                "sha256:7c1699dfe0cf8ff607dbdcc1e9b9af1755371f92a68f706051cc8c37d447c905",
                "sha256:88e5fcfb52ee7b911e8bb6d6aa2fd21fbecc674eadd44118a9cc3863f938e735",
                "sha256:8defac2f2ccd6805ebf65f5eeb132adcf2ab57aa11fdf4c0dd5169a004710e7d",
                "sha256:98c7086708b163d425c67c7a91bad6e466bb99d797aa64f965e9d25c12111a5e",
                "sha256:9add70b36c5666a2ed02b43b335fe19002ee5235efd4b8a89bfcf9005bebac0d",
                "sha256:9bf40443012702a1d2070043cb6291650a0841ece432556f784f004937f0f32c",
                "sha256:ade5e387d2ad0d7ebf59146cc00c8044acbd863725f887353a10df825fc8ae21",
                "sha256:b00c1de48212e4cc9603895652c5c410df699856a2853135b3967591e4beebc2",
                "sha256:b1282f8c00509d99fef04d8ba936b156d419be841854fe901d8ae224c59f0be5",
                "sha256:b2051432115498d3562c084a49bba65d97cf251f5a331c64a12ee7e04dacc51b",
                "sha256:ba59edeaa2fc6114428f1637ffff42da1e311e29382d81b339c1817d37ec93c6",
                "sha256:c8716a48d94b06bb3b2524c2b77e055fb313aeb4ea620c8dd03a105574ba704f",
                "sha256:cd5df75523866410809ca100dc9681e301e3c27567cf498077e8551b6d20e42f",
                "sha256:e249096428b3ae81b08327a63a485ad0878de3fb939049038579ac0ef61e17e7"
            ],
            "version": "==1.1.1"
        },
        "numpy": {
            "hashes": [
                "sha256:0778076e764e146d3078b17c24c4d89e0ecd4ac5401beff8e1c87879043a0633",
                "sha256:141c7102f20abe6cf0d54c4ced8d565b86df4d3077ba2343b61a6db996cefec7",
                "sha256:14270a1ee8917d11e7753fb54fc7ffd1934f4d529235beec0b275e2ccf00333b",
                "sha256:27e11c7a8ec9d5838bc59f809bfa86efc8a4fd02e58960fa9c49d998e14332d5",
                "sha256:2a04dda79606f3d2f760384c38ccd3d5b9bb79d4c8126b67aff5eb09a253763e",
                "sha256:3c26010c1b51e1224a3ca6b8df807de6e95128b0908c7e34f190e7775455b0ca",
                "sha256:52c40f1a4262c896420c6ea1c6fda62cf67070e3947e3307f5562bd783a90336",
                "sha256:6e4f8d9e8aa79321657079b9ac03f3cf3fd067bf31c1cca4f56d49543f4356a5",
                "sha256:7242be12a58fec245ee9734e625964b97cf7e3f2f7d016603f9e56660ce479c7",
                "sha256:7dc253b542bfd4b4eb88d9dbae4ca079e7bf2e2afd819ee18891a43db66c60c7",
                "sha256:94f5bd885f67bbb25c82d80184abbf7ce4f6c3c3a41fbaa4182f034bba803e69",
                "sha256:a89e188daa119ffa0d03ce5123dee3f8ffd5115c896c2a9d4f0dbb3d8b95bfa3",
                "sha256:ad3399da9b0ca36e2f24de72f67ab2854a62e623274607e37e0ce5f5d5fa9166",
                "sha256:b0348be89275fd1d4c44ffa39530c41a21062f52299b1e3ee7d1c61f060044b8",
                "sha256:b5554368e4ede1856121b0dfa35ce71768102e4aa55e526cb8de7f374ff78722",
                "sha256:cbddc56b2502d3f87fda4f98d948eb5b11f36ff3902e17cb6cc44727f2200525",
                "sha256:d79f18f41751725c56eceab2a886f021d70fd70a6188fd386e29a045945ffc10",
                "sha256:dc2ca26a19ab32dc475dbad9dfe723d3a64c835f4c23f625c2b6566ca32b9f29",
                "sha256:dd9bcd4f294eb0633bb33d1a74febdd2b9018b8b8ed325f861fffcd2c7660bb8",
                "sha256:e8baab1bc7c9152715844f1faca6744f2416929de10d7639ed49555a85549f52",
                "sha256:ec31fe12668af687b99acf1567399632a7c47b0e17cfb9ae47c098644ef36797",
                "sha256:f12b4f7e2d8f9da3141564e6737d79016fe5336cc92de6814eba579744f65b0a",
                "sha256:f58ac38d5ca045a377b3b377c84df8175ab992c970a53332fa8ac2373df44ff7"
            ],
            "version": "==1.16.4"
        },
        "ordereddict": {
            "hashes": [
                "sha256:1c35b4ac206cef2d24816c89f89cf289dd3d38cf7c449bb3fab7bf6d43f01b1f"
            ],
            "version": "==1.1"
        },
        "pandas": {
            "hashes": [
                "sha256:071e42b89b57baa17031af8c6b6bbd2e9a5c68c595bc6bf9adabd7a9ed125d3b",
                "sha256:17450e25ae69e2e6b303817bdf26b2cd57f69595d8550a77c308be0cd0fd58fa",
                "sha256:17916d818592c9ec891cbef2e90f98cc85e0f1e89ed0924c9b5220dc3209c846",
                "sha256:2538f099ab0e9f9c9d09bbcd94b47fd889bad06dc7ae96b1ed583f1dc1a7a822",
                "sha256:366f30710172cb45a6b4f43b66c220653b1ea50303fbbd94e50571637ffb9167",
                "sha256:42e5ad741a0d09232efbc7fc648226ed93306551772fc8aecc6dce9f0e676794",
                "sha256:4e718e7f395ba5bfe8b6f6aaf2ff1c65a09bb77a36af6394621434e7cc813204",
                "sha256:4f919f409c433577a501e023943e582c57355d50a724c589e78bc1d551a535a2",
                "sha256:4fe0d7e6438212e839fc5010c78b822664f1a824c0d263fd858f44131d9166e2",
                "sha256:5149a6db3e74f23dc3f5a216c2c9ae2e12920aa2d4a5b77e44e5b804a5f93248",
                "sha256:627594338d6dd995cfc0bacd8e654cd9e1252d2a7c959449228df6740d737eb8",
                "sha256:83c702615052f2a0a7fb1dd289726e29ec87a27272d775cb77affe749cca28f8",
                "sha256:8c872f7fdf3018b7891e1e3e86c55b190e6c5cee70cab771e8f246c855001296",
                "sha256:90f116086063934afd51e61a802a943826d2aac572b2f7d55caaac51c13db5b5",
                "sha256:a3352bacac12e1fc646213b998bce586f965c9d431773d9e91db27c7c48a1f7d",
                "sha256:bcdd06007cca02d51350f96debe51331dec429ac8f93930a43eb8fb5639e3eb5",
                "sha256:c1bd07ebc15285535f61ddd8c0c75d0d6293e80e1ee6d9a8d73f3f36954342d0",
                "sha256:c9a4b7c55115eb278c19aa14b34fcf5920c8fe7797a09b7b053ddd6195ea89b3",
                "sha256:cc8fc0c7a8d5951dc738f1c1447f71c43734244453616f32b8aa0ef6013a5dfb",
                "sha256:d7b460bc316064540ce0c41c1438c416a40746fd8a4fb2999668bf18f3c4acf1"
            ],
            "version": "==0.24.2"
        },
        "pendulum": {
            "hashes": [
                "sha256:253983de6d64a01909c2524e4ab27febd0d3987d001ea6ab93a7b945fdc0e6c6",
                "sha256:3d8b280a903fb25bdba258203bbcd0533c5c04a65878f6e0700931dedd2bae72",
                "sha256:4c945ed6a3b0afab8c2f1b1e3e26bb23ad0a9be6f201604111a8217cea78e7ab",
                "sha256:501670f3b1d581395ec4094aff7c13dca6b699d1810cf15c446433b9e736eb4a",
                "sha256:601e52cb0425e94b1784b6613a9085e0066ae1fa1915d18771884b67e93cac5c",
                "sha256:76ee830b4b57a3f8244a228505bf9c55285cc92f1a200c8578b0ca54f8185861",
                "sha256:b9a7ef02ad6255292f35218c595f8be35e0ca3c7ac19e633ff2de96480f26ab3",
                "sha256:f30fb1149e4f67b3aaa9eae874dca7bbf49788ac121d702486f5b9fe549e7920"
            ],
            "version": "==1.4.4"
        },
        "psutil": {
            "hashes": [
                "sha256:028a1ec3c6197eadd11e7b46e8cc2f0720dc18ac6d7aabdb8e8c0d6c9704f000",
                "sha256:503e4b20fa9d3342bcf58191bbc20a4a5ef79ca7df8972e6197cc14c5513e73d",
                "sha256:863a85c1c0a5103a12c05a35e59d336e1d665747e531256e061213e2e90f63f3",
                "sha256:954f782608bfef9ae9f78e660e065bd8ffcfaea780f9f2c8a133bb7cb9e826d7",
                "sha256:b6e08f965a305cd84c2d07409bc16fbef4417d67b70c53b299116c5b895e3f45",
                "sha256:bc96d437dfbb8865fc8828cf363450001cb04056bbdcdd6fc152c436c8a74c61",
                "sha256:cf49178021075d47c61c03c0229ac0c60d5e2830f8cab19e2d88e579b18cdb76",
                "sha256:d5350cb66690915d60f8b233180f1e49938756fb2d501c93c44f8fb5b970cc63",
                "sha256:eba238cf1989dfff7d483c029acb0ac4fcbfc15de295d682901f0e2497e6781a"
            ],
            "version": "==5.6.3"
        },
        "pygments": {
            "hashes": [
                "sha256:71e430bc85c88a430f000ac1d9b331d2407f681d6f6aec95e8bcfbc3df5b0127",
                "sha256:881c4c157e45f30af185c1ffe8d549d48ac9127433f2c380c24b84572ad66297"
            ],
            "version": "==2.4.2"
        },
        "python-daemon": {
            "hashes": [
                "sha256:261c859be5c12ae7d4286dc6951e87e9e1a70a882a8b41fd926efc1ec4214f73",
                "sha256:53da55aec3bb67b576e13a8091a2181f99b395c2eec32a5a0d91d347a5c420a7"
            ],
            "version": "==2.1.2"
        },
        "python-dateutil": {
            "hashes": [
                "sha256:7e6584c74aeed623791615e26efd690f29817a27c73085b78e4bad02493df2fb",
                "sha256:c89805f6f4d64db21ed966fda138f8a5ed7a4fdbc1a8ee329ce1b74e3c74da9e"
            ],
            "version": "==2.8.0"
        },
        "python-editor": {
            "hashes": [
                "sha256:1bf6e860a8ad52a14c3ee1252d5dc25b2030618ed80c022598f00176adc8367d",
                "sha256:51fda6bcc5ddbbb7063b2af7509e43bd84bfc32a4ff71349ec7847713882327b",
                "sha256:5f98b069316ea1c2ed3f67e7f5df6c0d8f10b689964a4a811ff64f0106819ec8"
            ],
            "version": "==1.0.4"
        },
        "python3-openid": {
            "hashes": [
                "sha256:0086da6b6ef3161cfe50fb1ee5cceaf2cda1700019fda03c2c5c440ca6abe4fa",
                "sha256:628d365d687e12da12d02c6691170f4451db28d6d68d050007e4a40065868502"
            ],
            "version": "==3.1.0"
        },
        "pytz": {
            "hashes": [
                "sha256:303879e36b721603cc54604edcac9d20401bdbe31e1e4fdee5b9f98d5d31dfda",
                "sha256:d747dd3d23d77ef44c6a3526e274af6efeb0a6f1afd5a69ba4d5be4098c8e141"
            ],
            "version": "==2019.1"
        },
        "pytzdata": {
            "hashes": [
                "sha256:778db26940e38cf6547d6574f49375570f7d697970461de531c56cf8400958a3",
                "sha256:f0469062f799c66480fcc7eae69a8270dc83f0e6522c0e70db882d6bd708d378"
            ],
            "version": "==2019.1"
        },
        "pyyaml": {
            "hashes": [
                "sha256:57acc1d8533cbe51f6662a55434f0dbecfa2b9eaf115bede8f6fd00115a0c0d3",
                "sha256:588c94b3d16b76cfed8e0be54932e5729cc185caffaa5a451e7ad2f7ed8b4043",
                "sha256:68c8dd247f29f9a0d09375c9c6b8fdc64b60810ebf07ba4cdd64ceee3a58c7b7",
                "sha256:70d9818f1c9cd5c48bb87804f2efc8692f1023dac7f1a1a5c61d454043c1d265",
                "sha256:86a93cccd50f8c125286e637328ff4eef108400dd7089b46a7be3445eecfa391",
                "sha256:a0f329125a926876f647c9fa0ef32801587a12328b4a3c741270464e3e4fa778",
                "sha256:a3c252ab0fa1bb0d5a3f6449a4826732f3eb6c0270925548cac342bc9b22c225",
                "sha256:b4bb4d3f5e232425e25dda21c070ce05168a786ac9eda43768ab7f3ac2770955",
                "sha256:cd0618c5ba5bda5f4039b9398bb7fb6a317bb8298218c3de25c47c4740e4b95e",
                "sha256:ceacb9e5f8474dcf45b940578591c7f3d960e82f926c707788a570b51ba59190",
                "sha256:fe6a88094b64132c4bb3b631412e90032e8cfe9745a58370462240b8cb7553cd"
            ],
            "version": "==5.1.1"
        },
        "requests": {
            "hashes": [
                "sha256:11e007a8a2aa0323f5a921e9e6a2d7e4e67d9877e85773fba9ba6419025cbeb4",
                "sha256:9cf5292fcd0f598c671cfc1e0d7d1a7f13bb8085e9a590f48c010551dc6c4b31"
            ],
            "version": "==2.22.0"
        },
        "setproctitle": {
            "hashes": [
                "sha256:6283b7a58477dd8478fbb9e76defb37968ee4ba47b05ec1c053cb39638bd7398",
                "sha256:6a035eddac62898786aed2c2eee7334c28cfc8106e8eb29fdd117cac56c6cdf0"
            ],
            "version": "==1.1.10"
        },
        "six": {
            "hashes": [
                "sha256:3350809f0555b11f552448330d0b52d5f24c91a322ea4a15ef22629740f3761c",
                "sha256:d16a0141ec1a18405cd4ce8b4613101da75da0e9a7aec5bdd4fa804d0e0eba73"
            ],
            "version": "==1.12.0"
        },
        "smmap2": {
            "hashes": [
                "sha256:0555a7bf4df71d1ef4218e4807bbf9b201f910174e6e08af2e138d4e517b4dde",
                "sha256:29a9ffa0497e7f2be94ca0ed1ca1aa3cd4cf25a1f6b4f5f87f74b46ed91d609a"
            ],
            "version": "==2.0.5"
        },
        "sqlalchemy": {
            "hashes": [
                "sha256:5bb2c4fc2bcc3447ad45716c66581eab982c007dcf925482498d8733f86f17c7"
            ],
            "version": "==1.2.19"
        },
        "tabulate": {
            "hashes": [
                "sha256:8af07a39377cee1103a5c8b3330a421c2d99b9141e9cc5ddd2e3263fea416943"
            ],
            "version": "==0.8.3"
        },
        "tenacity": {
            "hashes": [
                "sha256:0dff43d3faa411ebb8506b6adc174ef725df18322eef8437aabf4f63e478ec11",
                "sha256:dcd7646fe731b21b73870ead85a965a4202abeaf56e0588e6a8b38375110098f"
            ],
            "version": "==4.12.0"
        },
        "text-unidecode": {
            "hashes": [
                "sha256:5a1375bb2ba7968740508ae38d92e1f889a0832913cb1c447d5e2046061a396d",
                "sha256:801e38bd550b943563660a91de8d4b6fa5df60a542be9093f7abf819f86050cc"
            ],
            "version": "==1.2"
        },
        "thrift": {
            "hashes": [
                "sha256:7d59ac4fdcb2c58037ebd4a9da5f9a49e3e034bf75b3f26d9fe48ba3d8806e6b"
            ],
            "version": "==0.11.0"
        },
        "tzlocal": {
            "hashes": [
                "sha256:4ebeb848845ac898da6519b9b31879cf13b6626f7184c496037b818e238f2c4e"
            ],
            "version": "==1.5.1"
        },
        "unicodecsv": {
            "hashes": [
                "sha256:018c08037d48649a0412063ff4eda26eaa81eff1546dbffa51fa5293276ff7fc"
            ],
            "version": "==0.14.1"
        },
        "urllib3": {
            "hashes": [
                "sha256:b246607a25ac80bedac05c6f282e3cdaf3afb65420fd024ac94435cabe6e18d1",
                "sha256:dbe59173209418ae49d485b87d1681aefa36252ee85884c31346debd19463232"
            ],
            "version": "==1.25.3"
        },
        "werkzeug": {
            "hashes": [
                "sha256:c3fd7a7d41976d9f44db327260e263132466836cef6f91512889ed60ad26557c",
                "sha256:d5da73735293558eb1651ee2fddc4d0dedcfa06538b8813a2e20011583c9e49b"
            ],
            "version": "==0.14.1"
        },
        "wtforms": {
            "hashes": [
                "sha256:0cdbac3e7f6878086c334aa25dc5a33869a3954e9d1e015130d65a69309b3b61",
                "sha256:e3ee092c827582c50877cdbd49e9ce6d2c5c1f6561f849b3b068c1b8029626f1"
            ],
            "version": "==2.2.1"
        },
        "zope.deprecation": {
            "hashes": [
                "sha256:0d453338f04bacf91bbfba545d8bcdf529aa829e67b705eac8c1a7fdce66e2df",
                "sha256:f1480b74995958b24ce37b0ef04d3663d2683e5d6debc96726eff18acf4ea113"
            ],
            "version": "==4.4.0"
        }
    },
    "develop": {
        "appdirs": {
            "hashes": [
                "sha256:9e5896d1372858f8dd3344faf4e5014d21849c756c8d5701f78f8a103b372d92",
                "sha256:d8b24664561d0d34ddfaec54636d502d7cea6e29c3eaf68f3df6180863e2166e"
            ],
            "version": "==1.4.3"
        },
        "atomicwrites": {
            "hashes": [
                "sha256:03472c30eb2c5d1ba9227e4c2ca66ab8287fbfbbda3888aa93dc2e28fc6811b4",
                "sha256:75a9445bac02d8d058d5e1fe689654ba5a6556a1dfd8ce6ec55a0ed79866cfa6"
            ],
            "version": "==1.3.0"
        },
        "attrs": {
            "hashes": [
                "sha256:69c0dbf2ed392de1cb5ec704444b08a5ef81680a61cb899dc08127123af36a79",
                "sha256:f0b870f674851ecbfbbbd364d6b5cbdff9dcedbc7f3f5e18a6891057f21fe399"
            ],
            "version": "==19.1.0"
        },
        "black": {
            "hashes": [
                "sha256:09a9dcb7c46ed496a9850b76e4e825d6049ecd38b611f1224857a79bd985a8cf",
                "sha256:68950ffd4d9169716bcb8719a56c07a2f4485354fec061cdd5910aa07369731c"
            ],
            "index": "pypi",
            "version": "==19.3b0"
        },
        "click": {
            "hashes": [
                "sha256:2335065e6395b9e67ca716de5f7526736bfa6ceead690adf616d925bdc622b13",
                "sha256:5b94b49521f6456670fdb30cd82a4eca9412788a93fa6dd6df72c94d5a8ff2d7"
            ],
            "version": "==7.0"
        },
        "coverage": {
            "hashes": [
                "sha256:0402b1822d513d0231589494bceddb067d20581f5083598c451b56c684b0e5d6",
                "sha256:0644e28e8aea9d9d563607ee8b7071b07dd57a4a3de11f8684cd33c51c0d1b93",
                "sha256:0874a283686803884ec0665018881130604956dbaa344f2539c46d82cbe29eda",
                "sha256:0988c3837df4bc371189bb3425d5232cf150055452034c232dda9cbe04f9c38e",
                "sha256:20bc3205b3100956bb72293fabb97f0ed972c81fed10b3251c90c70dcb0599ab",
                "sha256:2cc9142a3367e74eb6b19d58c53ebb1dfd7336b91cdcc91a6a2888bf8c7af984",
                "sha256:3ae9a0a59b058ce0761c3bd2c2d66ecb2ee2b8ac592620184370577f7a546fb3",
                "sha256:3b2e30b835df58cb973f478d09f3d82e90c98c8e5059acc245a8e4607e023801",
                "sha256:401e9b04894eb1498c639c6623ee78a646990ce5f095248e2440968aafd6e90e",
                "sha256:41ec5812d5decdaa72708be3018e7443e90def4b5a71294236a4df192cf9eab9",
                "sha256:475769b638a055e75b3d3219e054fe2a023c0b077ff15bff6c95aba7e93e6cac",
                "sha256:61424f4e2e82c4129a4ba71e10ebacb32a9ecd6f80de2cd05bdead6ba75ed736",
                "sha256:811969904d4dd0bee7d958898be8d9d75cef672d9b7e7db819dfeac3d20d2d0c",
                "sha256:86224bb99abfd672bf2f9fcecad5e8d7a3fa94f7f71513f2210460a0350307cd",
                "sha256:9a238a20a3af00665f8381f7e53e9c606f9bb652d2423f6b822f6cb790d887e8",
                "sha256:a23b3fbc14d4e6182ecebfd22f3729beef0636d151d94764a1c28330d185e4e5",
                "sha256:ac162b4ebe51b7a2b7f5e462c4402802633eb81e77c94f8a7c1ed8a556e72c75",
                "sha256:b6187378726c84365bf297b5dcdae8789b6a5823b200bea23797777e5a63be09",
                "sha256:bcd5723d905ed4a825f17410a53535f880b6d7548ae3d89078db7b1ceefcd853",
                "sha256:c48a4f9c5fb385269bb7fbaf9c1326a94863b65ec7f5c96b2ea56b252f01ad08",
                "sha256:cd40199d6f1c29c85b170d25589be9a97edff8ee7e62be180a2a137823896030",
                "sha256:d1bc331a7d069485ac1d8c25a0ea1f6aab6cb2a87146fb652222481c1bddc9ff",
                "sha256:d7e0cdc249aa0f94aa2e531b03999ddaf03a10b4fa090a894712d4c8066abd89",
                "sha256:e9ee8fcd8e067fcc5d7276d46e07e863102b70a52545ef4254df1ff0893ce75f",
                "sha256:eb313c23d983b7810504f42104e8dcd1c7ccdda8fbaab82aab92ab79fea19345",
                "sha256:f9cfd478654b509941b85ed70f870f5e3c74678f566bec12fd26545e5340ba47",
                "sha256:fae1fa144034d021a52cb9ea200eb8dedf91869c6df8202ad5d149b41ed91cc8"
            ],
            "version": "==5.0a5"
        },
        "importlib-metadata": {
            "hashes": [
                "sha256:6dfd58dfe281e8d240937776065dd3624ad5469c835248219bd16cf2e12dbeb7",
                "sha256:cb6ee23b46173539939964df59d3d72c3e0c1b5d54b84f1d8a7e912fe43612db"
            ],
            "version": "==0.18"
        },
        "more-itertools": {
            "hashes": [
                "sha256:2112d2ca570bb7c3e53ea1a35cd5df42bb0fd10c45f0fb97178679c3c03d64c7",
                "sha256:c3e4748ba1aad8dba30a4886b0b1a2004f9a863837b8654e7059eebf727afa5a"
            ],
            "markers": "python_version > '2.7'",
            "version": "==7.0.0"
        },
        "packaging": {
            "hashes": [
                "sha256:0c98a5d0be38ed775798ece1b9727178c4469d9c3b4ada66e8e6b7849f8732af",
                "sha256:9e1cbf8c12b1f1ce0bb5344b8d7ecf66a6f8a6e91bcb0c84593ed6d3ab5c4ab3"
            ],
            "version": "==19.0"
        },
        "pluggy": {
            "hashes": [
                "sha256:0825a152ac059776623854c1543d65a4ad408eb3d33ee114dff91e57ec6ae6fc",
                "sha256:b9817417e95936bf75d85d3f8767f7df6cdde751fc40aed3bb3074cbcb77757c"
            ],
            "version": "==0.12.0"
        },
        "py": {
            "hashes": [
                "sha256:64f65755aee5b381cea27766a3a147c3f15b9b6b9ac88676de66ba2ae36793fa",
                "sha256:dc639b046a6e2cff5bbe40194ad65936d6ba360b52b3c3fe1d08a82dd50b5e53"
            ],
            "version": "==1.8.0"
        },
        "pyparsing": {
            "hashes": [
                "sha256:1873c03321fc118f4e9746baf201ff990ceb915f433f23b395f5580d1840cb2a",
                "sha256:9b6323ef4ab914af344ba97510e966d64ba91055d6b9afa6b30799340e89cc03"
            ],
            "version": "==2.4.0"
        },
        "pytest": {
            "hashes": [
                "sha256:4a784f1d4f2ef198fe9b7aef793e9fa1a3b2f84e822d9b3a64a181293a572d45",
                "sha256:926855726d8ae8371803f7b2e6ec0a69953d9c6311fa7c3b6c1b929ff92d27da"
            ],
            "index": "pypi",
            "version": "==4.6.3"
        },
        "pytest-cov": {
            "hashes": [
                "sha256:2b097cde81a302e1047331b48cadacf23577e431b61e9c6f49a1170bbe3d3da6",
                "sha256:e00ea4fdde970725482f1f35630d12f074e121a23801aabf2ae154ec6bdd343a"
            ],
            "index": "pypi",
            "version": "==2.7.1"
        },
        "six": {
            "hashes": [
                "sha256:3350809f0555b11f552448330d0b52d5f24c91a322ea4a15ef22629740f3761c",
                "sha256:d16a0141ec1a18405cd4ce8b4613101da75da0e9a7aec5bdd4fa804d0e0eba73"
            ],
            "version": "==1.12.0"
        },
        "toml": {
            "hashes": [
                "sha256:229f81c57791a41d65e399fc06bf0848bab550a9dfd5ed66df18ce5f05e73d5c",
                "sha256:235682dd292d5899d361a811df37e04a8828a5b1da3115886b73cf81ebc9100e"
            ],
            "version": "==0.10.0"
        },
        "wcwidth": {
            "hashes": [
                "sha256:3df37372226d6e63e1b1e1eda15c594bca98a22d33a23832a90998faa96bc65e",
                "sha256:f4ebe71925af7b40a864553f761ed559b43544f8f71746c2d756c7fe788ade7c"
            ],
            "version": "==0.1.7"
        },
        "zipp": {
            "hashes": [
                "sha256:8c1019c6aad13642199fbe458275ad6a84907634cc9f0989877ccc4a2840139d",
                "sha256:ca943a7e809cc12257001ccfb99e3563da9af99d52f261725e96dfe0f9275bc3"
            ],
            "version": "==0.5.1"
        }
    }
}
