{
    "_meta": {
        "hash": {
            "sha256": "1ce6423b13b6e12ebd04047787d4c3403bd817c77c37f2da614dc904cc641db8"
        },
        "pipfile-spec": 6,
        "requires": {
            "python_version": "3.6"
        },
        "sources": [
            {
                "name": "pypi",
                "url": "https://pypi.org/simple",
                "verify_ssl": true
            }
        ]
    },
    "default": {
        "alembic": {
            "hashes": [
                "sha256:1cd32df9a3b8c1749082ef60ffbe05ff16617b6afadfdabc680dcb9344af33d7"
            ],
            "version": "==0.9.10"
        },
        "apache-airflow": {
            "hashes": [
                "sha256:73840fa3d2f3a523010ce685aa15714d01a4cf42bd6bd77716c4321f82bab140",
                "sha256:b90eeed0439c055d3d3eedfb20d1366aeffdb679f8df8685a625883d4bfe5d14"
            ],
            "version": "==1.10.3"
        },
        "babel": {
            "hashes": [
                "sha256:6778d85147d5d85345c14a26aada5e478ab04e39b078b0745ee6870c2b5cf669",
                "sha256:8cba50f48c529ca3fa18cf81fa9403be176d374ac4d60738b839122dfaaa3d23"
            ],
            "version": "==2.6.0"
        },
        "certifi": {
            "hashes": [
                "sha256:59b7658e26ca9c7339e00f8f4636cdfe59d34fa37b9b04f6f9e9926b3cece1a5",
                "sha256:b26104d6835d1f5e49452a26eb2ff87fe7090b89dfcaee5ea2212697e1e1d7ae"
            ],
            "version": "==2019.3.9"
        },
        "chardet": {
            "hashes": [
                "sha256:84ab92ed1c4d4f16916e05906b6b75a6c0fb5db821cc65e70cbd64a3e2a5eaae",
                "sha256:fc323ffcaeaed0e0a02bf4d117757b98aed530d9ed4531e3e15460124c106691"
            ],
            "version": "==3.0.4"
        },
        "click": {
            "hashes": [
                "sha256:2335065e6395b9e67ca716de5f7526736bfa6ceead690adf616d925bdc622b13",
                "sha256:5b94b49521f6456670fdb30cd82a4eca9412788a93fa6dd6df72c94d5a8ff2d7"
            ],
            "version": "==7.0"
        },
        "colorama": {
            "hashes": [
                "sha256:05eed71e2e327246ad6b38c540c4a3117230b19679b875190486ddd2d721422d",
                "sha256:f8ac84de7840f5b9c4e3347b3c1eaa50f7e49c2b07596221daec5edaabbd7c48"
            ],
            "version": "==0.4.1"
        },
        "configparser": {
            "hashes": [
                "sha256:18873eb33d111429143eef0ad334f76abdf9736d5da1219de513d74b0a559674",
                "sha256:561d6a2303a3e9afaafbaa9f459b2a16e5d49f5390954cd4e6ce1a4bfbd8f726",
                "sha256:adaba55d292e94fac7a1080de30ea776139ea48b65db869659e87357f10c55d2"
            ],
            "version": "==3.5.3"
        },
        "croniter": {
            "hashes": [
                "sha256:0d905dbe6f131a910fd3dde792f0129788cd2cb3a8048c5f7aaa212670b0cef2",
                "sha256:538adeb3a7f7816c3cdec6db974c441620d764c25ff4ed0146ee7296b8a50590"
            ],
            "version": "==0.3.30"
        },
        "dag-factory": {
            "editable": true,
            "path": "."
        },
        "defusedxml": {
            "hashes": [
                "sha256:6687150770438374ab581bb7a1b327a847dd9c5749e396102de3fad4e8a3ef93",
                "sha256:f684034d135af4c6cbb949b8a4d2ed61634515257a67299e5f940fbaa34377f5"
            ],
            "version": "==0.6.0"
        },
        "dill": {
            "hashes": [
                "sha256:f6d6046f9f9195206063dd0415dff185ad593d6ee8b0e67f12597c0f4df4986f"
            ],
            "version": "==0.2.9"
        },
        "docutils": {
            "hashes": [
                "sha256:02aec4bd92ab067f6ff27a38a38a41173bf01bed8f89157768c1573f53e474a6",
                "sha256:51e64ef2ebfb29cae1faa133b3710143496eca21c530f3f71424d77687764274",
                "sha256:7a4bd47eaf6596e1295ecb11361139febe29b084a87bf005bf899f9a42edc3c6"
            ],
            "version": "==0.14"
        },
        "flask": {
            "hashes": [
                "sha256:ad7c6d841e64296b962296c2c2dabc6543752985727af86a975072dea984b6f3",
                "sha256:e7d32475d1de5facaa55e3958bc4ec66d3762076b074296aa50ef8fdc5b9df61"
            ],
            "version": "==1.0.3"
        },
        "flask-admin": {
            "hashes": [
                "sha256:ca0be6ec11a6913b73f656c65c444ae5be416c57c75638dd3199376ce6bc7422"
            ],
            "index": "pypi",
            "version": "==1.5.3"
        },
        "flask-appbuilder": {
            "hashes": [
                "sha256:bc4a0a7eef31817606bd3fc454057d84cebf4176bcec80d0467cbda5c740ffd5"
            ],
            "version": "==1.12.3"
        },
        "flask-babel": {
            "hashes": [
                "sha256:316ad183e42003f3922957fa643d0a1e8e34a0f0301a88c3a8f605bc37ba5c86"
            ],
            "version": "==0.12.2"
        },
        "flask-caching": {
            "hashes": [
                "sha256:21236d2b4567deb9fc95e474a604602097189e834629c24f4d62937abc963636",
                "sha256:5af1759e5ae3424abec918537f0201a1476ae9442452bcb5c8787468a9de0f5a"
            ],
            "version": "==1.3.3"
        },
        "flask-login": {
            "hashes": [
                "sha256:c815c1ac7b3e35e2081685e389a665f2c74d7e077cb93cecabaea352da4752ec"
            ],
            "version": "==0.4.1"
        },
        "flask-openid": {
            "hashes": [
                "sha256:5a8ffe1c8c0ad1cc1f5030e1223ea27f8861ee0215a2a58a528cc61379e5ccab"
            ],
            "version": "==1.2.5"
        },
        "flask-sqlalchemy": {
            "hashes": [
                "sha256:0c9609b0d72871c540a7945ea559c8fdf5455192d2db67219509aed680a3d45a",
                "sha256:8631bbea987bc3eb0f72b1f691d47bd37ceb795e73b59ab48586d76d75a7c605"
            ],
            "version": "==2.4.0"
        },
        "flask-swagger": {
            "hashes": [
                "sha256:42420efbed1aad86f7ca6bb869df550e09591e1d540ebd3040c197906c0f0be6"
            ],
            "version": "==0.2.13"
        },
        "flask-wtf": {
            "hashes": [
                "sha256:5d14d55cfd35f613d99ee7cba0fc3fbbe63ba02f544d349158c14ca15561cc36",
                "sha256:d9a9e366b32dcbb98ef17228e76be15702cd2600675668bca23f63a7947fd5ac"
            ],
            "version": "==0.14.2"
        },
        "funcsigs": {
            "hashes": [
                "sha256:1c916dfbb4aad250f2a40e937dcff206da165fa29fa909ee1ea02243f7386019",
                "sha256:2310f9d4a77c284e920ec572dc2525366a107b08d216ff8dbb891d95b6a77563"
            ],
            "version": "==1.0.0"
        },
        "future": {
            "hashes": [
                "sha256:e39ced1ab767b5936646cedba8bcce582398233d6a627067d4c6a454c90cfedb"
            ],
            "version": "==0.16.0"
        },
        "gitdb2": {
            "hashes": [
                "sha256:83361131a1836661a155172932a13c08bda2db3674e4caa32368aa6eb02f38c2",
                "sha256:e3a0141c5f2a3f635c7209d56c496ebe1ad35da82fe4d3ec4aaa36278d70648a"
            ],
            "version": "==2.0.5"
        },
        "gitpython": {
            "hashes": [
                "sha256:563221e5a44369c6b79172f455584c9ebbb122a13368cc82cb4b5addff788f82",
                "sha256:8237dc5bfd6f1366abeee5624111b9d6879393d84745a507de0fda86043b65a8"
            ],
            "version": "==2.1.11"
        },
        "gunicorn": {
            "hashes": [
                "sha256:aa8e0b40b4157b36a5df5e599f45c9c76d6af43845ba3b3b0efe2c70473c2471",
                "sha256:fa2662097c66f920f53f70621c6c58ca4a3c4d3434205e608e121b5b3b71f4f3"
            ],
            "version": "==19.9.0"
        },
        "idna": {
            "hashes": [
                "sha256:c357b3f628cf53ae2c4c05627ecc484553142ca23264e593d327bcde5e9c3407",
                "sha256:ea8b7f6188e6fa117537c3df7da9fc686d485087abf6ac197f9c46432f7e4a3c"
            ],
            "version": "==2.8"
        },
        "iso8601": {
            "hashes": [
                "sha256:210e0134677cc0d02f6028087fee1df1e1d76d372ee1db0bf30bf66c5c1c89a3",
                "sha256:49c4b20e1f38aa5cf109ddcd39647ac419f928512c869dc01d5c7098eddede82",
                "sha256:bbbae5fb4a7abfe71d4688fd64bff70b91bbd74ef6a99d964bab18f7fdf286dd"
            ],
            "version": "==0.1.12"
        },
        "itsdangerous": {
            "hashes": [
                "sha256:321b033d07f2a4136d3ec762eac9f16a10ccd60f53c0c91af90217ace7ba1f19",
                "sha256:b12271b2047cb23eeb98c8b5622e2e5c5e9abd9784a153e9d8ef9cb4dd09d749"
            ],
            "version": "==1.1.0"
        },
        "jinja2": {
            "hashes": [
                "sha256:74c935a1b8bb9a3947c50a54766a969d4846290e1e788ea44c1392163723c3bd",
                "sha256:f84be1bb0040caca4cea721fcbbbbd61f9be9464ca236387158b0feea01914a4"
            ],
            "version": "==2.10"
        },
        "json-merge-patch": {
            "hashes": [
                "sha256:09898b6d427c08754e2a97c709cf2dfd7e28bd10c5683a538914975eab778d39"
            ],
            "version": "==0.2"
        },
        "lockfile": {
            "hashes": [
                "sha256:6aed02de03cba24efabcd600b30540140634fc06cfa603822d508d5361e9f799",
                "sha256:6c3cb24f344923d30b2785d5ad75182c8ea7ac1b6171b08657258ec7429d50fa"
            ],
            "version": "==0.12.2"
        },
        "lxml": {
            "hashes": [
                "sha256:03984196d00670b2ab14ae0ea83d5cc0cfa4f5a42558afa9ab5fa745995328f5",
                "sha256:0815b0c9f897468de6a386dc15917a0becf48cc92425613aa8bbfc7f0f82951f",
                "sha256:175f3825f075cf02d15099eb52658457cf0ff103dcf11512b5d2583e1d40f58b",
                "sha256:30e14c62d88d1e01a26936ecd1c6e784d4afc9aa002bba4321c5897937112616",
                "sha256:3210da6f36cf4b835ff1be853962b22cc354d506f493b67a4303c88bbb40d57b",
                "sha256:40f60819fbd5bad6e191ba1329bfafa09ab7f3f174b3d034d413ef5266963294",
                "sha256:43b26a865a61549919f8a42e094dfdb62847113cf776d84bd6b60e4e3fc20ea3",
                "sha256:4a03dd682f8e35a10234904e0b9508d705ff98cf962c5851ed052e9340df3d90",
                "sha256:62f382cddf3d2e52cf266e161aa522d54fd624b8cc567bc18f573d9d50d40e8e",
                "sha256:7b98f0325be8450da70aa4a796c4f06852949fe031878b4aa1d6c417a412f314",
                "sha256:846a0739e595871041385d86d12af4b6999f921359b38affb99cdd6b54219a8f",
                "sha256:a3080470559938a09a5d0ec558c005282e99ac77bf8211fb7b9a5c66390acd8d",
                "sha256:ad841b78a476623955da270ab8d207c3c694aa5eba71f4792f65926dc46c6ee8",
                "sha256:afdd75d9735e44c639ffd6258ce04a2de3b208f148072c02478162d0944d9da3",
                "sha256:b4fbf9b552faff54742bcd0791ab1da5863363fb19047e68f6592be1ac2dab33",
                "sha256:b90c4e32d6ec089d3fa3518436bdf5ce4d902a0787dbd9bb09f37afe8b994317",
                "sha256:b91cfe4438c741aeff662d413fd2808ac901cc6229c838236840d11de4586d63",
                "sha256:bdb0593a42070b0a5f138b79b872289ee73c8e25b3f0bea6564e795b55b6bcdd",
                "sha256:c4e4bca2bb68ce22320297dfa1a7bf070a5b20bcbaec4ee023f83d2f6e76496f",
                "sha256:cec4ab14af9eae8501be3266ff50c3c2aecc017ba1e86c160209bb4f0423df6a",
                "sha256:e83b4b2bf029f5104bc1227dbb7bf5ace6fd8fabaebffcd4f8106fafc69fc45f",
                "sha256:e995b3734a46d41ae60b6097f7c51ba9958648c6d1e0935b7e0ee446ee4abe22",
                "sha256:f679d93dec7f7210575c85379a31322df4c46496f184ef650d3aba1484b38a2d",
                "sha256:fd213bb5166e46974f113c8228daaef1732abc47cb561ce9c4c8eaed4bd3b09b",
                "sha256:fdcb57b906dbc1f80666e6290e794ab8fb959a2e17aa5aee1758a85d1da4533f",
                "sha256:ff424b01d090ffe1947ec7432b07f536912e0300458f9a7f48ea217dd8362b86"
            ],
            "version": "==4.3.3"
        },
        "mako": {
            "hashes": [
                "sha256:7165919e78e1feb68b4dbe829871ea9941398178fa58e6beedb9ba14acf63965"
            ],
            "version": "==1.0.10"
        },
        "markdown": {
            "hashes": [
                "sha256:9ba587db9daee7ec761cfc656272be6aabe2ed300fece21208e4aab2e457bc8f",
                "sha256:a856869c7ff079ad84a3e19cd87a64998350c2b94e9e08e44270faef33400f81"
            ],
            "version": "==2.6.11"
        },
        "markupsafe": {
            "hashes": [
                "sha256:00bc623926325b26bb9605ae9eae8a215691f33cae5df11ca5424f06f2d1f473",
                "sha256:09027a7803a62ca78792ad89403b1b7a73a01c8cb65909cd876f7fcebd79b161",
                "sha256:09c4b7f37d6c648cb13f9230d847adf22f8171b1ccc4d5682398e77f40309235",
                "sha256:1027c282dad077d0bae18be6794e6b6b8c91d58ed8a8d89a89d59693b9131db5",
                "sha256:24982cc2533820871eba85ba648cd53d8623687ff11cbb805be4ff7b4c971aff",
                "sha256:29872e92839765e546828bb7754a68c418d927cd064fd4708fab9fe9c8bb116b",
                "sha256:43a55c2930bbc139570ac2452adf3d70cdbb3cfe5912c71cdce1c2c6bbd9c5d1",
                "sha256:46c99d2de99945ec5cb54f23c8cd5689f6d7177305ebff350a58ce5f8de1669e",
                "sha256:500d4957e52ddc3351cabf489e79c91c17f6e0899158447047588650b5e69183",
                "sha256:535f6fc4d397c1563d08b88e485c3496cf5784e927af890fb3c3aac7f933ec66",
                "sha256:62fe6c95e3ec8a7fad637b7f3d372c15ec1caa01ab47926cfdf7a75b40e0eac1",
                "sha256:6dd73240d2af64df90aa7c4e7481e23825ea70af4b4922f8ede5b9e35f78a3b1",
                "sha256:717ba8fe3ae9cc0006d7c451f0bb265ee07739daf76355d06366154ee68d221e",
                "sha256:79855e1c5b8da654cf486b830bd42c06e8780cea587384cf6545b7d9ac013a0b",
                "sha256:7c1699dfe0cf8ff607dbdcc1e9b9af1755371f92a68f706051cc8c37d447c905",
                "sha256:88e5fcfb52ee7b911e8bb6d6aa2fd21fbecc674eadd44118a9cc3863f938e735",
                "sha256:8defac2f2ccd6805ebf65f5eeb132adcf2ab57aa11fdf4c0dd5169a004710e7d",
                "sha256:98c7086708b163d425c67c7a91bad6e466bb99d797aa64f965e9d25c12111a5e",
                "sha256:9add70b36c5666a2ed02b43b335fe19002ee5235efd4b8a89bfcf9005bebac0d",
                "sha256:9bf40443012702a1d2070043cb6291650a0841ece432556f784f004937f0f32c",
                "sha256:ade5e387d2ad0d7ebf59146cc00c8044acbd863725f887353a10df825fc8ae21",
                "sha256:b00c1de48212e4cc9603895652c5c410df699856a2853135b3967591e4beebc2",
                "sha256:b1282f8c00509d99fef04d8ba936b156d419be841854fe901d8ae224c59f0be5",
                "sha256:b2051432115498d3562c084a49bba65d97cf251f5a331c64a12ee7e04dacc51b",
                "sha256:ba59edeaa2fc6114428f1637ffff42da1e311e29382d81b339c1817d37ec93c6",
                "sha256:c8716a48d94b06bb3b2524c2b77e055fb313aeb4ea620c8dd03a105574ba704f",
                "sha256:cd5df75523866410809ca100dc9681e301e3c27567cf498077e8551b6d20e42f",
                "sha256:e249096428b3ae81b08327a63a485ad0878de3fb939049038579ac0ef61e17e7"
            ],
            "version": "==1.1.1"
        },
        "numpy": {
            "hashes": [
                "sha256:0e2eed77804b2a6a88741f8fcac02c5499bba3953ec9c71e8b217fad4912c56c",
                "sha256:1c666f04553ef70fda54adf097dbae7080645435fc273e2397f26bbf1d127bbb",
                "sha256:1f46532afa7b2903bfb1b79becca2954c0a04389d19e03dc73f06b039048ac40",
                "sha256:315fa1b1dfc16ae0f03f8fd1c55f23fd15368710f641d570236f3d78af55e340",
                "sha256:3d5fcea4f5ed40c3280791d54da3ad2ecf896f4c87c877b113576b8280c59441",
                "sha256:48241759b99d60aba63b0e590332c600fc4b46ad597c9b0a53f350b871ef0634",
                "sha256:4b4f2924b36d857cf302aec369caac61e43500c17eeef0d7baacad1084c0ee84",
                "sha256:54fe3b7ed9e7eb928bbc4318f954d133851865f062fa4bbb02ef8940bc67b5d2",
                "sha256:5a8f021c70e6206c317974c93eaaf9bc2b56295b6b1cacccf88846e44a1f33fc",
                "sha256:754a6be26d938e6ca91942804eb209307b73f806a1721176278a6038869a1686",
                "sha256:771147e654e8b95eea1293174a94f34e2e77d5729ad44aefb62fbf8a79747a15",
                "sha256:78a6f89da87eeb48014ec652a65c4ffde370c036d780a995edaeb121d3625621",
                "sha256:7fde5c2a3a682a9e101e61d97696687ebdba47637611378b4127fe7e47fdf2bf",
                "sha256:80d99399c97f646e873dd8ce87c38cfdbb668956bbc39bc1e6cac4b515bba2a0",
                "sha256:88a72c1e45a0ae24d1f249a529d9f71fe82e6fa6a3fd61414b829396ec585900",
                "sha256:a4f4460877a16ac73302a9c077ca545498d9fe64e6a81398d8e1a67e4695e3df",
                "sha256:a61255a765b3ac73ee4b110b28fccfbf758c985677f526c2b4b39c48cc4b509d",
                "sha256:ab4896a8c910b9a04c0142871d8800c76c8a2e5ff44763513e1dd9d9631ce897",
                "sha256:abbd6b1c2ef6199f4b7ca9f818eb6b31f17b73a6110aadc4e4298c3f00fab24e",
                "sha256:b16d88da290334e33ea992c56492326ea3b06233a00a1855414360b77ca72f26",
                "sha256:b78a1defedb0e8f6ae1eb55fa6ac74ab42acc4569c3a2eacc2a407ee5d42ebcb",
                "sha256:cfef82c43b8b29ca436560d51b2251d5117818a8d1fb74a8384a83c096745dad",
                "sha256:d160e57731fcdec2beda807ebcabf39823c47e9409485b5a3a1db3a8c6ce763e"
            ],
            "version": "==1.16.3"
        },
        "ordereddict": {
            "hashes": [
                "sha256:1c35b4ac206cef2d24816c89f89cf289dd3d38cf7c449bb3fab7bf6d43f01b1f"
            ],
            "version": "==1.1"
        },
        "pandas": {
            "hashes": [
                "sha256:071e42b89b57baa17031af8c6b6bbd2e9a5c68c595bc6bf9adabd7a9ed125d3b",
                "sha256:17450e25ae69e2e6b303817bdf26b2cd57f69595d8550a77c308be0cd0fd58fa",
                "sha256:17916d818592c9ec891cbef2e90f98cc85e0f1e89ed0924c9b5220dc3209c846",
                "sha256:2538f099ab0e9f9c9d09bbcd94b47fd889bad06dc7ae96b1ed583f1dc1a7a822",
                "sha256:366f30710172cb45a6b4f43b66c220653b1ea50303fbbd94e50571637ffb9167",
                "sha256:42e5ad741a0d09232efbc7fc648226ed93306551772fc8aecc6dce9f0e676794",
                "sha256:4e718e7f395ba5bfe8b6f6aaf2ff1c65a09bb77a36af6394621434e7cc813204",
                "sha256:4f919f409c433577a501e023943e582c57355d50a724c589e78bc1d551a535a2",
                "sha256:4fe0d7e6438212e839fc5010c78b822664f1a824c0d263fd858f44131d9166e2",
                "sha256:5149a6db3e74f23dc3f5a216c2c9ae2e12920aa2d4a5b77e44e5b804a5f93248",
                "sha256:627594338d6dd995cfc0bacd8e654cd9e1252d2a7c959449228df6740d737eb8",
                "sha256:83c702615052f2a0a7fb1dd289726e29ec87a27272d775cb77affe749cca28f8",
                "sha256:8c872f7fdf3018b7891e1e3e86c55b190e6c5cee70cab771e8f246c855001296",
                "sha256:90f116086063934afd51e61a802a943826d2aac572b2f7d55caaac51c13db5b5",
                "sha256:a3352bacac12e1fc646213b998bce586f965c9d431773d9e91db27c7c48a1f7d",
                "sha256:bcdd06007cca02d51350f96debe51331dec429ac8f93930a43eb8fb5639e3eb5",
                "sha256:c1bd07ebc15285535f61ddd8c0c75d0d6293e80e1ee6d9a8d73f3f36954342d0",
                "sha256:c9a4b7c55115eb278c19aa14b34fcf5920c8fe7797a09b7b053ddd6195ea89b3",
                "sha256:cc8fc0c7a8d5951dc738f1c1447f71c43734244453616f32b8aa0ef6013a5dfb",
                "sha256:d7b460bc316064540ce0c41c1438c416a40746fd8a4fb2999668bf18f3c4acf1"
            ],
            "version": "==0.24.2"
        },
        "pendulum": {
            "hashes": [
                "sha256:253983de6d64a01909c2524e4ab27febd0d3987d001ea6ab93a7b945fdc0e6c6",
                "sha256:3d8b280a903fb25bdba258203bbcd0533c5c04a65878f6e0700931dedd2bae72",
                "sha256:4c945ed6a3b0afab8c2f1b1e3e26bb23ad0a9be6f201604111a8217cea78e7ab",
                "sha256:501670f3b1d581395ec4094aff7c13dca6b699d1810cf15c446433b9e736eb4a",
                "sha256:601e52cb0425e94b1784b6613a9085e0066ae1fa1915d18771884b67e93cac5c",
                "sha256:76ee830b4b57a3f8244a228505bf9c55285cc92f1a200c8578b0ca54f8185861",
                "sha256:b9a7ef02ad6255292f35218c595f8be35e0ca3c7ac19e633ff2de96480f26ab3",
                "sha256:f30fb1149e4f67b3aaa9eae874dca7bbf49788ac121d702486f5b9fe549e7920"
            ],
            "version": "==1.4.4"
        },
        "psutil": {
            "hashes": [
                "sha256:206eb909aa8878101d0eca07f4b31889c748f34ed6820a12eb3168c7aa17478e",
                "sha256:649f7ffc02114dced8fbd08afcd021af75f5f5b2311bc0e69e53e8f100fe296f",
                "sha256:6ebf2b9c996bb8c7198b385bade468ac8068ad8b78c54a58ff288cd5f61992c7",
                "sha256:753c5988edc07da00dafd6d3d279d41f98c62cd4d3a548c4d05741a023b0c2e7",
                "sha256:76fb0956d6d50e68e3f22e7cc983acf4e243dc0fcc32fd693d398cb21c928802",
                "sha256:828e1c3ca6756c54ac00f1427fdac8b12e21b8a068c3bb9b631a1734cada25ed",
                "sha256:a4c62319ec6bf2b3570487dd72d471307ae5495ce3802c1be81b8a22e438b4bc",
                "sha256:acba1df9da3983ec3c9c963adaaf530fcb4be0cd400a8294f1ecc2db56499ddd",
                "sha256:ef342cb7d9b60e6100364f50c57fa3a77d02ff8665d5b956746ac01901247ac4"
            ],
            "version": "==5.6.2"
        },
        "pygments": {
            "hashes": [
                "sha256:36586500a94cd97f8c2c19d251cdb78868d1a822e0e491bfc1d811766aedb772",
                "sha256:b437bc0d04dc36f1f5b3592985b3e0a3d0af46b7c39199231706d19a4ee63344"
            ],
            "version": "==2.4.1"
        },
        "python-daemon": {
            "hashes": [
                "sha256:261c859be5c12ae7d4286dc6951e87e9e1a70a882a8b41fd926efc1ec4214f73",
                "sha256:53da55aec3bb67b576e13a8091a2181f99b395c2eec32a5a0d91d347a5c420a7"
            ],
            "version": "==2.1.2"
        },
        "python-dateutil": {
            "hashes": [
                "sha256:7e6584c74aeed623791615e26efd690f29817a27c73085b78e4bad02493df2fb",
                "sha256:c89805f6f4d64db21ed966fda138f8a5ed7a4fdbc1a8ee329ce1b74e3c74da9e"
            ],
            "version": "==2.8.0"
        },
        "python-editor": {
            "hashes": [
                "sha256:1bf6e860a8ad52a14c3ee1252d5dc25b2030618ed80c022598f00176adc8367d",
                "sha256:51fda6bcc5ddbbb7063b2af7509e43bd84bfc32a4ff71349ec7847713882327b",
                "sha256:5f98b069316ea1c2ed3f67e7f5df6c0d8f10b689964a4a811ff64f0106819ec8"
            ],
            "version": "==1.0.4"
        },
        "python3-openid": {
            "hashes": [
                "sha256:0086da6b6ef3161cfe50fb1ee5cceaf2cda1700019fda03c2c5c440ca6abe4fa",
                "sha256:628d365d687e12da12d02c6691170f4451db28d6d68d050007e4a40065868502"
            ],
            "version": "==3.1.0"
        },
        "pytz": {
            "hashes": [
                "sha256:303879e36b721603cc54604edcac9d20401bdbe31e1e4fdee5b9f98d5d31dfda",
                "sha256:d747dd3d23d77ef44c6a3526e274af6efeb0a6f1afd5a69ba4d5be4098c8e141"
            ],
            "version": "==2019.1"
        },
        "pytzdata": {
            "hashes": [
                "sha256:778db26940e38cf6547d6574f49375570f7d697970461de531c56cf8400958a3",
                "sha256:f0469062f799c66480fcc7eae69a8270dc83f0e6522c0e70db882d6bd708d378"
            ],
            "version": "==2019.1"
        },
        "pyyaml": {
            "hashes": [
                "sha256:1adecc22f88d38052fb787d959f003811ca858b799590a5eaa70e63dca50308c",
                "sha256:436bc774ecf7c103814098159fbb84c2715d25980175292c648f2da143909f95",
                "sha256:460a5a4248763f6f37ea225d19d5c205677d8d525f6a83357ca622ed541830c2",
                "sha256:5a22a9c84653debfbf198d02fe592c176ea548cccce47553f35f466e15cf2fd4",
                "sha256:7a5d3f26b89d688db27822343dfa25c599627bc92093e788956372285c6298ad",
                "sha256:9372b04a02080752d9e6f990179a4ab840227c6e2ce15b95e1278456664cf2ba",
                "sha256:a5dcbebee834eaddf3fa7366316b880ff4062e4bcc9787b78c7fbb4a26ff2dd1",
                "sha256:aee5bab92a176e7cd034e57f46e9df9a9862a71f8f37cad167c6fc74c65f5b4e",
                "sha256:c51f642898c0bacd335fc119da60baae0824f2cde95b0330b56c0553439f0673",
                "sha256:c68ea4d3ba1705da1e0d85da6684ac657912679a649e8868bd850d2c299cce13",
                "sha256:e23d0cc5299223dcc37885dae624f382297717e459ea24053709675a976a3e19"
            ],
            "version": "==5.1"
        },
        "requests": {
            "hashes": [
                "sha256:11e007a8a2aa0323f5a921e9e6a2d7e4e67d9877e85773fba9ba6419025cbeb4",
                "sha256:9cf5292fcd0f598c671cfc1e0d7d1a7f13bb8085e9a590f48c010551dc6c4b31"
            ],
            "version": "==2.22.0"
        },
        "setproctitle": {
            "hashes": [
                "sha256:6283b7a58477dd8478fbb9e76defb37968ee4ba47b05ec1c053cb39638bd7398",
                "sha256:6a035eddac62898786aed2c2eee7334c28cfc8106e8eb29fdd117cac56c6cdf0"
            ],
            "version": "==1.1.10"
        },
        "six": {
            "hashes": [
                "sha256:3350809f0555b11f552448330d0b52d5f24c91a322ea4a15ef22629740f3761c",
                "sha256:d16a0141ec1a18405cd4ce8b4613101da75da0e9a7aec5bdd4fa804d0e0eba73"
            ],
            "version": "==1.12.0"
        },
        "smmap2": {
            "hashes": [
                "sha256:0555a7bf4df71d1ef4218e4807bbf9b201f910174e6e08af2e138d4e517b4dde",
                "sha256:29a9ffa0497e7f2be94ca0ed1ca1aa3cd4cf25a1f6b4f5f87f74b46ed91d609a"
            ],
            "version": "==2.0.5"
        },
        "sqlalchemy": {
            "hashes": [
                "sha256:5bb2c4fc2bcc3447ad45716c66581eab982c007dcf925482498d8733f86f17c7"
            ],
            "version": "==1.2.19"
        },
        "tabulate": {
            "hashes": [
                "sha256:8af07a39377cee1103a5c8b3330a421c2d99b9141e9cc5ddd2e3263fea416943"
            ],
            "version": "==0.8.3"
        },
        "tenacity": {
            "hashes": [
                "sha256:0dff43d3faa411ebb8506b6adc174ef725df18322eef8437aabf4f63e478ec11",
                "sha256:dcd7646fe731b21b73870ead85a965a4202abeaf56e0588e6a8b38375110098f"
            ],
            "version": "==4.12.0"
        },
        "text-unidecode": {
            "hashes": [
                "sha256:5a1375bb2ba7968740508ae38d92e1f889a0832913cb1c447d5e2046061a396d",
                "sha256:801e38bd550b943563660a91de8d4b6fa5df60a542be9093f7abf819f86050cc"
            ],
            "version": "==1.2"
        },
        "thrift": {
            "hashes": [
                "sha256:7d59ac4fdcb2c58037ebd4a9da5f9a49e3e034bf75b3f26d9fe48ba3d8806e6b"
            ],
            "version": "==0.11.0"
        },
        "tzlocal": {
            "hashes": [
                "sha256:4ebeb848845ac898da6519b9b31879cf13b6626f7184c496037b818e238f2c4e"
            ],
            "version": "==1.5.1"
        },
        "unicodecsv": {
            "hashes": [
                "sha256:018c08037d48649a0412063ff4eda26eaa81eff1546dbffa51fa5293276ff7fc"
            ],
            "version": "==0.14.1"
        },
        "urllib3": {
            "hashes": [
                "sha256:b246607a25ac80bedac05c6f282e3cdaf3afb65420fd024ac94435cabe6e18d1",
                "sha256:dbe59173209418ae49d485b87d1681aefa36252ee85884c31346debd19463232"
            ],
            "version": "==1.25.3"
        },
        "werkzeug": {
            "hashes": [
                "sha256:c3fd7a7d41976d9f44db327260e263132466836cef6f91512889ed60ad26557c",
                "sha256:d5da73735293558eb1651ee2fddc4d0dedcfa06538b8813a2e20011583c9e49b"
            ],
            "version": "==0.14.1"
        },
        "wtforms": {
            "hashes": [
                "sha256:0cdbac3e7f6878086c334aa25dc5a33869a3954e9d1e015130d65a69309b3b61",
                "sha256:e3ee092c827582c50877cdbd49e9ce6d2c5c1f6561f849b3b068c1b8029626f1"
            ],
            "version": "==2.2.1"
        },
        "zope.deprecation": {
            "hashes": [
                "sha256:0d453338f04bacf91bbfba545d8bcdf529aa829e67b705eac8c1a7fdce66e2df",
                "sha256:f1480b74995958b24ce37b0ef04d3663d2683e5d6debc96726eff18acf4ea113"
            ],
            "version": "==4.4.0"
        }
    },
    "develop": {
        "appdirs": {
            "hashes": [
                "sha256:9e5896d1372858f8dd3344faf4e5014d21849c756c8d5701f78f8a103b372d92",
                "sha256:d8b24664561d0d34ddfaec54636d502d7cea6e29c3eaf68f3df6180863e2166e"
            ],
            "version": "==1.4.3"
        },
        "atomicwrites": {
            "hashes": [
                "sha256:03472c30eb2c5d1ba9227e4c2ca66ab8287fbfbbda3888aa93dc2e28fc6811b4",
                "sha256:75a9445bac02d8d058d5e1fe689654ba5a6556a1dfd8ce6ec55a0ed79866cfa6"
            ],
            "version": "==1.3.0"
        },
        "attrs": {
            "hashes": [
                "sha256:69c0dbf2ed392de1cb5ec704444b08a5ef81680a61cb899dc08127123af36a79",
                "sha256:f0b870f674851ecbfbbbd364d6b5cbdff9dcedbc7f3f5e18a6891057f21fe399"
            ],
            "version": "==19.1.0"
        },
        "black": {
            "hashes": [
                "sha256:817243426042db1d36617910df579a54f1afd659adb96fc5032fcf4b36209739",
                "sha256:e030a9a28f542debc08acceb273f228ac422798e5215ba2a791a6ddeaaca22a5"
            ],
            "index": "pypi",
            "version": "==18.9b0"
        },
        "click": {
            "hashes": [
                "sha256:2335065e6395b9e67ca716de5f7526736bfa6ceead690adf616d925bdc622b13",
                "sha256:5b94b49521f6456670fdb30cd82a4eca9412788a93fa6dd6df72c94d5a8ff2d7"
            ],
            "version": "==7.0"
        },
        "coverage": {
            "hashes": [
                "sha256:0402b1822d513d0231589494bceddb067d20581f5083598c451b56c684b0e5d6",
                "sha256:0644e28e8aea9d9d563607ee8b7071b07dd57a4a3de11f8684cd33c51c0d1b93",
                "sha256:0874a283686803884ec0665018881130604956dbaa344f2539c46d82cbe29eda",
                "sha256:0988c3837df4bc371189bb3425d5232cf150055452034c232dda9cbe04f9c38e",
                "sha256:20bc3205b3100956bb72293fabb97f0ed972c81fed10b3251c90c70dcb0599ab",
                "sha256:2cc9142a3367e74eb6b19d58c53ebb1dfd7336b91cdcc91a6a2888bf8c7af984",
                "sha256:3ae9a0a59b058ce0761c3bd2c2d66ecb2ee2b8ac592620184370577f7a546fb3",
                "sha256:3b2e30b835df58cb973f478d09f3d82e90c98c8e5059acc245a8e4607e023801",
                "sha256:401e9b04894eb1498c639c6623ee78a646990ce5f095248e2440968aafd6e90e",
                "sha256:41ec5812d5decdaa72708be3018e7443e90def4b5a71294236a4df192cf9eab9",
                "sha256:475769b638a055e75b3d3219e054fe2a023c0b077ff15bff6c95aba7e93e6cac",
                "sha256:61424f4e2e82c4129a4ba71e10ebacb32a9ecd6f80de2cd05bdead6ba75ed736",
                "sha256:811969904d4dd0bee7d958898be8d9d75cef672d9b7e7db819dfeac3d20d2d0c",
                "sha256:86224bb99abfd672bf2f9fcecad5e8d7a3fa94f7f71513f2210460a0350307cd",
                "sha256:9a238a20a3af00665f8381f7e53e9c606f9bb652d2423f6b822f6cb790d887e8",
                "sha256:a23b3fbc14d4e6182ecebfd22f3729beef0636d151d94764a1c28330d185e4e5",
                "sha256:ac162b4ebe51b7a2b7f5e462c4402802633eb81e77c94f8a7c1ed8a556e72c75",
                "sha256:b6187378726c84365bf297b5dcdae8789b6a5823b200bea23797777e5a63be09",
                "sha256:bcd5723d905ed4a825f17410a53535f880b6d7548ae3d89078db7b1ceefcd853",
                "sha256:c48a4f9c5fb385269bb7fbaf9c1326a94863b65ec7f5c96b2ea56b252f01ad08",
                "sha256:cd40199d6f1c29c85b170d25589be9a97edff8ee7e62be180a2a137823896030",
                "sha256:d1bc331a7d069485ac1d8c25a0ea1f6aab6cb2a87146fb652222481c1bddc9ff",
                "sha256:d7e0cdc249aa0f94aa2e531b03999ddaf03a10b4fa090a894712d4c8066abd89",
                "sha256:e9ee8fcd8e067fcc5d7276d46e07e863102b70a52545ef4254df1ff0893ce75f",
                "sha256:eb313c23d983b7810504f42104e8dcd1c7ccdda8fbaab82aab92ab79fea19345",
                "sha256:f9cfd478654b509941b85ed70f870f5e3c74678f566bec12fd26545e5340ba47",
                "sha256:fae1fa144034d021a52cb9ea200eb8dedf91869c6df8202ad5d149b41ed91cc8"
            ],
            "version": "==5.0a5"
        },
        "more-itertools": {
            "hashes": [
                "sha256:2112d2ca570bb7c3e53ea1a35cd5df42bb0fd10c45f0fb97178679c3c03d64c7",
                "sha256:c3e4748ba1aad8dba30a4886b0b1a2004f9a863837b8654e7059eebf727afa5a"
            ],
            "version": "==7.0.0"
        },
        "pluggy": {
            "hashes": [
                "sha256:25a1bc1d148c9a640211872b4ff859878d422bccb59c9965e04eed468a0aa180",
                "sha256:964cedd2b27c492fbf0b7f58b3284a09cf7f99b0f715941fb24a439b3af1bd1a"
            ],
            "version": "==0.11.0"
        },
        "py": {
            "hashes": [
                "sha256:64f65755aee5b381cea27766a3a147c3f15b9b6b9ac88676de66ba2ae36793fa",
                "sha256:dc639b046a6e2cff5bbe40194ad65936d6ba360b52b3c3fe1d08a82dd50b5e53"
            ],
            "version": "==1.8.0"
        },
        "pytest": {
            "hashes": [
                "sha256:488c842647bbeb350029da10325cb40af0a9c7a2fdda45aeb1dda75b60048ffb",
                "sha256:c055690dfefa744992f563e8c3a654089a6aa5b8092dded9b6fafbd70b2e45a7"
            ],
            "index": "pypi",
            "version": "==4.0.0"
        },
        "pytest-cov": {
            "hashes": [
                "sha256:513c425e931a0344944f84ea47f3956be0e416d95acbd897a44970c8d926d5d7",
                "sha256:e360f048b7dae3f2f2a9a4d067b2dd6b6a015d384d1577c994a43f3f7cbad762"
            ],
            "index": "pypi",
            "version": "==2.6.0"
        },
        "six": {
            "hashes": [
                "sha256:3350809f0555b11f552448330d0b52d5f24c91a322ea4a15ef22629740f3761c",
                "sha256:d16a0141ec1a18405cd4ce8b4613101da75da0e9a7aec5bdd4fa804d0e0eba73"
            ],
            "version": "==1.12.0"
        },
        "toml": {
            "hashes": [
                "sha256:229f81c57791a41d65e399fc06bf0848bab550a9dfd5ed66df18ce5f05e73d5c",
                "sha256:235682dd292d5899d361a811df37e04a8828a5b1da3115886b73cf81ebc9100e"
            ],
            "version": "==0.10.0"
        }
    }
}
